
Microsoft Visual Studio Solution File, Format Version 12.00
# Visual Studio Version 17
VisualStudioVersion = 17.5.33627.172
MinimumVisualStudioVersion = 10.0.40219.1
Project("{FAE04EC0-301F-11D3-BF4B-00C04F79EFBC}") = "githublaba5", "githublaba5\githublaba5.csproj", "{F00D9B80-3D09-4DA6-956F-4197E90D05DA}"
EndProject
Global
	GlobalSection(SolutionConfigurationPlatforms) = preSolution
		Debug|Any CPU = Debug|Any CPU
		Release|Any CPU = Release|Any CPU
	EndGlobalSection
	GlobalSection(ProjectConfigurationPlatforms) = postSolution
		{F00D9B80-3D09-4DA6-956F-4197E90D05DA}.Debug|Any CPU.ActiveCfg = Debug|Any CPU
		{F00D9B80-3D09-4DA6-956F-4197E90D05DA}.Debug|Any CPU.Build.0 = Debug|Any CPU
		{F00D9B80-3D09-4DA6-956F-4197E90D05DA}.Release|Any CPU.ActiveCfg = Release|Any CPU
		{F00D9B80-3D09-4DA6-956F-4197E90D05DA}.Release|Any CPU.Build.0 = Release|Any CPU
	EndGlobalSection
	GlobalSection(SolutionProperties) = preSolution
		HideSolutionNode = FALSE
	EndGlobalSection
	GlobalSection(ExtensibilityGlobals) = postSolution
		SolutionGuid = {0F1590D3-4831-4A3D-BBE6-5015B1BCCCE4}
	EndGlobalSection
EndGlobal
